
Microsoft Visual Studio Solution File, Format Version 12.00
# Visual Studio Version 17
VisualStudioVersion = 17.7.34302.85
MinimumVisualStudioVersion = 10.0.40219.1
Project("{9A19103F-16F7-4668-BE54-9A1E7A4F7556}") = "PreprocessDataStocks", "PreprocessDataStocks.csproj", "{9C8D7EB0-9BE4-43EF-896F-44AAA9F28CB2}"
EndProject
Project("{FAE04EC0-301F-11D3-BF4B-00C04F79EFBC}") = "BotTradingStrategyCSharpNUnitTest", "..\BotTradingStrategyCSharpNUnitTest\BotTradingStrategyCSharpNUnitTest\BotTradingStrategyCSharpNUnitTest.csproj", "{EBD9D4A9-83F5-44AF-A342-74E47C6989C6}"
EndProject
Global
	GlobalSection(SolutionConfigurationPlatforms) = preSolution
		Debug|Any CPU = Debug|Any CPU
		Release|Any CPU = Release|Any CPU
	EndGlobalSection
	GlobalSection(ProjectConfigurationPlatforms) = postSolution
		{9C8D7EB0-9BE4-43EF-896F-44AAA9F28CB2}.Debug|Any CPU.ActiveCfg = Debug|Any CPU
		{9C8D7EB0-9BE4-43EF-896F-44AAA9F28CB2}.Debug|Any CPU.Build.0 = Debug|Any CPU
		{9C8D7EB0-9BE4-43EF-896F-44AAA9F28CB2}.Release|Any CPU.ActiveCfg = Release|Any CPU
		{9C8D7EB0-9BE4-43EF-896F-44AAA9F28CB2}.Release|Any CPU.Build.0 = Release|Any CPU
		{EBD9D4A9-83F5-44AF-A342-74E47C6989C6}.Debug|Any CPU.ActiveCfg = Debug|Any CPU
		{EBD9D4A9-83F5-44AF-A342-74E47C6989C6}.Debug|Any CPU.Build.0 = Debug|Any CPU
		{EBD9D4A9-83F5-44AF-A342-74E47C6989C6}.Release|Any CPU.ActiveCfg = Release|Any CPU
		{EBD9D4A9-83F5-44AF-A342-74E47C6989C6}.Release|Any CPU.Build.0 = Release|Any CPU
	EndGlobalSection
	GlobalSection(SolutionProperties) = preSolution
		HideSolutionNode = FALSE
	EndGlobalSection
	GlobalSection(ExtensibilityGlobals) = postSolution
		SolutionGuid = {A5A8D877-A30F-40B6-8EF5-112D6B317357}
	EndGlobalSection
EndGlobal
